
Microsoft Visual Studio Solution File, Format Version 12.00
# Visual Studio 2012
Project("{FAE04EC0-301F-11D3-BF4B-00C04F79EFBC}") = "ListBoxSandBox", "WpfApplication4\ListBoxSandBox.csproj", "{C8C29886-9FB9-4D7A-BACF-F0D4B4E69B0C}"
EndProject
Global
	GlobalSection(SolutionConfigurationPlatforms) = preSolution
		Debug|Any CPU = Debug|Any CPU
		Release|Any CPU = Release|Any CPU
	EndGlobalSection
	GlobalSection(ProjectConfigurationPlatforms) = postSolution
		{C8C29886-9FB9-4D7A-BACF-F0D4B4E69B0C}.Debug|Any CPU.ActiveCfg = Debug|Any CPU
		{C8C29886-9FB9-4D7A-BACF-F0D4B4E69B0C}.Debug|Any CPU.Build.0 = Debug|Any CPU
		{C8C29886-9FB9-4D7A-BACF-F0D4B4E69B0C}.Release|Any CPU.ActiveCfg = Release|Any CPU
		{C8C29886-9FB9-4D7A-BACF-F0D4B4E69B0C}.Release|Any CPU.Build.0 = Release|Any CPU
	EndGlobalSection
	GlobalSection(SolutionProperties) = preSolution
		HideSolutionNode = FALSE
	EndGlobalSection
EndGlobal
